// !$*UTF8*$!
{
	archiveVersion = 1;
	classes = {
	};
	objectVersion = 46;
	objects = {

/* Begin PBXBuildFile section */
		A16245601C99930000C56143 /* main.m in Sources */ = {isa = PBXBuildFile; fileRef = A162455F1C99930000C56143 /* main.m */; };
		A16245631C99930000C56143 /* AppDelegate.m in Sources */ = {isa = PBXBuildFile; fileRef = A16245621C99930000C56143 /* AppDelegate.m */; };
		A16245661C99930000C56143 /* ViewController.m in Sources */ = {isa = PBXBuildFile; fileRef = A16245651C99930000C56143 /* ViewController.m */; };
		A16245691C99930000C56143 /* Main.storyboard in Resources */ = {isa = PBXBuildFile; fileRef = A16245671C99930000C56143 /* Main.storyboard */; };
		A162456B1C99930000C56143 /* Assets.xcassets in Resources */ = {isa = PBXBuildFile; fileRef = A162456A1C99930000C56143 /* Assets.xcassets */; };
		A162456E1C99930000C56143 /* LaunchScreen.storyboard in Resources */ = {isa = PBXBuildFile; fileRef = A162456C1C99930000C56143 /* LaunchScreen.storyboard */; };
		A16245771C99932800C56143 /* WaveView.m in Sources */ = {isa = PBXBuildFile; fileRef = A16245761C99932800C56143 /* WaveView.m */; };
/* End PBXBuildFile section */

/* Begin PBXFileReference section */
		A162455B1C99930000C56143 /* test2D.app */ = {isa = PBXFileReference; explicitFileType = wrapper.application; includeInIndex = 0; path = test2D.app; sourceTree = BUILT_PRODUCTS_DIR; };
		A162455F1C99930000C56143 /* main.m */ = {isa = PBXFileReference; lastKnownFileType = sourcecode.c.objc; path = main.m; sourceTree = "<group>"; };
		A16245611C99930000C56143 /* AppDelegate.h */ = {isa = PBXFileReference; lastKnownFileType = sourcecode.c.h; path = AppDelegate.h; sourceTree = "<group>"; };
		A16245621C99930000C56143 /* AppDelegate.m */ = {isa = PBXFileReference; lastKnownFileType = sourcecode.c.objc; path = AppDelegate.m; sourceTree = "<group>"; };
		A16245641C99930000C56143 /* ViewController.h */ = {isa = PBXFileReference; lastKnownFileType = sourcecode.c.h; path = ViewController.h; sourceTree = "<group>"; };
		A16245651C99930000C56143 /* ViewController.m */ = {isa = PBXFileReference; lastKnownFileType = sourcecode.c.objc; path = ViewController.m; sourceTree = "<group>"; };
		A16245681C99930000C56143 /* Base */ = {isa = PBXFileReference; lastKnownFileType = file.storyboard; name = Base; path = Base.lproj/Main.storyboard; sourceTree = "<group>"; };
		A162456A1C99930000C56143 /* Assets.xcassets */ = {isa = PBXFileReference; lastKnownFileType = folder.assetcatalog; path = Assets.xcassets; sourceTree = "<group>"; };
		A162456D1C99930000C56143 /* Base */ = {isa = PBXFileReference; lastKnownFileType = file.storyboard; name = Base; path = Base.lproj/LaunchScreen.storyboard; sourceTree = "<group>"; };
		A162456F1C99930000C56143 /* Info.plist */ = {isa = PBXFileReference; lastKnownFileType = text.plist.xml; path = Info.plist; sourceTree = "<group>"; };
		A16245751C99932800C56143 /* WaveView.h */ = {isa = PBXFileReference; fileEncoding = 4; lastKnownFileType = sourcecode.c.h; path = WaveView.h; sourceTree = "<group>"; };
		A16245761C99932800C56143 /* WaveView.m */ = {isa = PBXFileReference; fileEncoding = 4; lastKnownFileType = sourcecode.c.objc; path = WaveView.m; sourceTree = "<group>"; };
/* End PBXFileReference section */

/* Begin PBXFrameworksBuildPhase section */
		A16245581C99930000C56143 /* Frameworks */ = {
			isa = PBXFrameworksBuildPhase;
			buildActionMask = 2147483647;
			files = (
			);
			runOnlyForDeploymentPostprocessing = 0;
		};
/* End PBXFrameworksBuildPhase section */

/* Begin PBXGroup section */
		A16245521C99930000C56143 = {
			isa = PBXGroup;
			children = (
				A162455D1C99930000C56143 /* test2D */,
				A162455C1C99930000C56143 /* Products */,
			);
			sourceTree = "<group>";
		};
		A162455C1C99930000C56143 /* Products */ = {
			isa = PBXGroup;
			children = (
				A162455B1C99930000C56143 /* test2D.app */,
			);
			name = Products;
			sourceTree = "<group>";
		};
		A162455D1C99930000C56143 /* test2D */ = {
			isa = PBXGroup;
			children = (
				A16245611C99930000C56143 /* AppDelegate.h */,
				A16245621C99930000C56143 /* AppDelegate.m */,
				A16245641C99930000C56143 /* ViewController.h */,
				A16245651C99930000C56143 /* ViewController.m */,
				A16245671C99930000C56143 /* Main.storyboard */,
				A16245751C99932800C56143 /* WaveView.h */,
				A16245761C99932800C56143 /* WaveView.m */,
				A162456A1C99930000C56143 /* Assets.xcassets */,
				A162456C1C99930000C56143 /* LaunchScreen.storyboard */,
				A162456F1C99930000C56143 /* Info.plist */,
				A162455E1C99930000C56143 /* Supporting Files */,
			);
			path = test2D;
			sourceTree = "<group>";
		};
		A162455E1C99930000C56143 /* Supporting Files */ = {
			isa = PBXGroup;
			children = (
				A162455F1C99930000C56143 /* main.m */,
			);
			name = "Supporting Files";
			sourceTree = "<group>";
		};
/* End PBXGroup section */

/* Begin PBXNativeTarget section */
		A162455A1C99930000C56143 /* test2D */ = {
			isa = PBXNativeTarget;
			buildConfigurationList = A16245721C99930000C56143 /* Build configuration list for PBXNativeTarget "test2D" */;
			buildPhases = (
				A16245571C99930000C56143 /* Sources */,
				A16245581C99930000C56143 /* Frameworks */,
				A16245591C99930000C56143 /* Resources */,
			);
			buildRules = (
			);
			dependencies = (
			);
			name = test2D;
			productName = test2D;
			productReference = A162455B1C99930000C56143 /* test2D.app */;
			productType = "com.apple.product-type.application";
		};
/* End PBXNativeTarget section */

/* Begin PBXProject section */
		A16245531C99930000C56143 /* Project object */ = {
			isa = PBXProject;
			attributes = {
				LastUpgradeCheck = 0730;
				ORGANIZATIONNAME = lxc;
				TargetAttributes = {
					A162455A1C99930000C56143 = {
						CreatedOnToolsVersion = 7.3;
						DevelopmentTeam = 9897WMZ3T2;
					};
				};
			};
			buildConfigurationList = A16245561C99930000C56143 /* Build configuration list for PBXProject "test2D" */;
			compatibilityVersion = "Xcode 3.2";
			developmentRegion = English;
			hasScannedForEncodings = 0;
			knownRegions = (
				en,
				Base,
			);
			mainGroup = A16245521C99930000C56143;
			productRefGroup = A162455C1C99930000C56143 /* Products */;
			projectDirPath = "";
			projectRoot = "";
			targets = (
				A162455A1C99930000C56143 /* test2D */,
			);
		};
/* End PBXProject section */

/* Begin PBXResourcesBuildPhase section */
		A16245591C99930000C56143 /* Resources */ = {
			isa = PBXResourcesBuildPhase;
			buildActionMask = 2147483647;
			files = (
				A162456E1C99930000C56143 /* LaunchScreen.storyboard in Resources */,
				A162456B1C99930000C56143 /* Assets.xcassets in Resources */,
				A16245691C99930000C56143 /* Main.storyboard in Resources */,
			);
			runOnlyForDeploymentPostprocessing = 0;
		};
/* End PBXResourcesBuildPhase section */

/* Begin PBXSourcesBuildPhase section */
		A16245571C99930000C56143 /* Sources */ = {
			isa = PBXSourcesBuildPhase;
			buildActionMask = 2147483647;
			files = (
				A16245661C99930000C56143 /* ViewController.m in Sources */,
				A16245631C99930000C56143 /* AppDelegate.m in Sources */,
				A16245601C99930000C56143 /* main.m in Sources */,
				A16245771C99932800C56143 /* WaveView.m in Sources */,
			);
			runOnlyForDeploymentPostprocessing = 0;
		};
/* End PBXSourcesBuildPhase section */

/* Begin PBXVariantGroup section */
		A16245671C99930000C56143 /* Main.storyboard */ = {
			isa = PBXVariantGroup;
			children = (
				A16245681C99930000C56143 /* Base */,
			);
			name = Main.storyboard;
			sourceTree = "<group>";
		};
		A162456C1C99930000C56143 /* LaunchScreen.storyboard */ = {
			isa = PBXVariantGroup;
			children = (
				A162456D1C99930000C56143 /* Base */,
			);
			name = LaunchScreen.storyboard;
			sourceTree = "<group>";
		};
/* End PBXVariantGroup section */

/* Begin XCBuildConfiguration section */
		A16245701C99930000C56143 /* Debug */ = {
			isa = XCBuildConfiguration;
			buildSettings = {
				ALWAYS_SEARCH_USER_PATHS = NO;
				CLANG_ANALYZER_NONNULL = YES;
				CLANG_CXX_LANGUAGE_STANDARD = "gnu++0x";
				CLANG_CXX_LIBRARY = "libc++";
				CLANG_ENABLE_MODULES = YES;
				CLANG_ENABLE_OBJC_ARC = YES;
				CLANG_WARN_BOOL_CONVERSION = YES;
				CLANG_WARN_CONSTANT_CONVERSION = YES;
				CLANG_WARN_DIRECT_OBJC_ISA_USAGE = YES_ERROR;
				CLANG_WARN_EMPTY_BODY = YES;
				CLANG_WARN_ENUM_CONVERSION = YES;
				CLANG_WARN_INT_CONVERSION = YES;
				CLANG_WARN_OBJC_ROOT_CLASS = YES_ERROR;
				CLANG_WARN_UNREACHABLE_CODE = YES;
				CLANG_WARN__DUPLICATE_METHOD_MATCH = YES;
				"CODE_SIGN_IDENTITY[sdk=iphoneos*]" = "iPhone Developer";
				COPY_PHASE_STRIP = NO;
				DEBUG_INFORMATION_FORMAT = dwarf;
				ENABLE_STRICT_OBJC_MSGSEND = YES;
				ENABLE_TESTABILITY = YES;
				GCC_C_LANGUAGE_STANDARD = gnu99;
				GCC_DYNAMIC_NO_PIC = NO;
				GCC_NO_COMMON_BLOCKS = YES;
				GCC_OPTIMIZATION_LEVEL = 0;
				GCC_PREPROCESSOR_DEFINITIONS = (
					"DEBUG=1",
					"$(inherited)",
				);
				GCC_WARN_64_TO_32_BIT_CONVERSION = YES;
				GCC_WARN_ABOUT_RETURN_TYPE = YES_ERROR;
				GCC_WARN_UNDECLARED_SELECTOR = YES;
				GCC_WARN_UNINITIALIZED_AUTOS = YES_AGGRESSIVE;
				GCC_WARN_UNUSED_FUNCTION = YES;
				GCC_WARN_UNUSED_VARIABLE = YES;
				IPHONEOS_DEPLOYMENT_TARGET = 9.3;
				MTL_ENABLE_DEBUG_INFO = YES;
				ONLY_ACTIVE_ARCH = YES;
				SDKROOT = iphoneos;
			};
			name = Debug;
		};
		A16245711C99930000C56143 /* Release */ = {
			isa = XCBuildConfiguration;
			buildSettings = {
				ALWAYS_SEARCH_USER_PATHS = NO;
				CLANG_ANALYZER_NONNULL = YES;
				CLANG_CXX_LANGUAGE_STANDARD = "gnu++0x";
				CLANG_CXX_LIBRARY = "libc++";
				CLANG_ENABLE_MODULES = YES;
				CLANG_ENABLE_OBJC_ARC = YES;
				CLANG_WARN_BOOL_CONVERSION = YES;
				CLANG_WARN_CONSTANT_CONVERSION = YES;
				CLANG_WARN_DIRECT_OBJC_ISA_USAGE = YES_ERROR;
				CLANG_WARN_EMPTY_BODY = YES;
				CLANG_WARN_ENUM_CONVERSION = YES;
				CLANG_WARN_INT_CONVERSION = YES;
				CLANG_WARN_OBJC_ROOT_CLASS = YES_ERROR;
				CLANG_WARN_UNREACHABLE_CODE = YES;
				CLANG_WARN__DUPLICATE_METHOD_MATCH = YES;
				"CODE_SIGN_IDENTITY[sdk=iphoneos*]" = "iPhone Developer";
				COPY_PHASE_STRIP = NO;
				DEBUG_INFORMATION_FORMAT = "dwarf-with-dsym";
				ENABLE_NS_ASSERTIONS = NO;
				ENABLE_STRICT_OBJC_MSGSEND = YES;
				GCC_C_LANGUAGE_STANDARD = gnu99;
				GCC_NO_COMMON_BLOCKS = YES;
				GCC_WARN_64_TO_32_BIT_CONVERSION = YES;
				GCC_WARN_ABOUT_RETURN_TYPE = YES_ERROR;
				GCC_WARN_UNDECLARED_SELECTOR = YES;
				GCC_WARN_UNINITIALIZED_AUTOS = YES_AGGRESSIVE;
				GCC_WARN_UNUSED_FUNCTION = YES;
				GCC_WARN_UNUSED_VARIABLE = YES;
				IPHONEOS_DEPLOYMENT_TARGET = 9.3;
				MTL_ENABLE_DEBUG_INFO = NO;
				SDKROOT = iphoneos;
				VALIDATE_PRODUCT = YES;
			};
			name = Release;
		};
		A16245731C99930000C56143 /* Debug */ = {
			isa = XCBuildConfiguration;
			buildSettings = {
				ASSETCATALOG_COMPILER_APPICON_NAME = AppIcon;
				INFOPLIST_FILE = test2D/Info.plist;
				LD_RUNPATH_SEARCH_PATHS = "$(inherited) @executable_path/Frameworks";
				PRODUCT_BUNDLE_IDENTIFIER = BBD.test2D;
				PRODUCT_NAME = "$(TARGET_NAME)";
			};
			name = Debug;
		};
		A16245741C99930000C56143 /* Release */ = {
			isa = XCBuildConfiguration;
			buildSettings = {
				ASSETCATALOG_COMPILER_APPICON_NAME = AppIcon;
				INFOPLIST_FILE = test2D/Info.plist;
				LD_RUNPATH_SEARCH_PATHS = "$(inherited) @executable_path/Frameworks";
				PRODUCT_BUNDLE_IDENTIFIER = BBD.test2D;
				PRODUCT_NAME = "$(TARGET_NAME)";
			};
			name = Release;
		};
/* End XCBuildConfiguration section */

/* Begin XCConfigurationList section */
		A16245561C99930000C56143 /* Build configuration list for PBXProject "test2D" */ = {
			isa = XCConfigurationList;
			buildConfigurations = (
				A16245701C99930000C56143 /* Debug */,
				A16245711C99930000C56143 /* Release */,
			);
			defaultConfigurationIsVisible = 0;
			defaultConfigurationName = Release;
		};
		A16245721C99930000C56143 /* Build configuration list for PBXNativeTarget "test2D" */ = {
			isa = XCConfigurationList;
			buildConfigurations = (
				A16245731C99930000C56143 /* Debug */,
				A16245741C99930000C56143 /* Release */,
			);
			defaultConfigurationIsVisible = 0;
			defaultConfigurationName = Release;
		};
/* End XCConfigurationList section */
	};
	rootObject = A16245531C99930000C56143 /* Project object */;
}
